{
  "name": "MYukkuriVoice",
  "version": "0.7.0",
  "lockfileVersion": 1,
  "requires": true,
  "dependencies": {
    "@types/angular": {
      "version": "1.6.50",
      "resolved": "https://registry.npmjs.org/@types/angular/-/angular-1.6.50.tgz",
      "integrity": "sha512-D3KB0PdaxdwtA44yOpK+NtptTscKWgUzXmf8fiLaaVxnX+b7QQ+dUMsyeVDweCQ6VX4PMwkd6x2hJ0X+ISIsoQ==",
      "dev": true
    },
    "@types/electron-config": {
      "version": "0.2.1",
      "resolved": "https://registry.npmjs.org/@types/electron-config/-/electron-config-0.2.1.tgz",
      "integrity": "sha1-3Os+24VuQEE4+4ac1O1TnviLiCw=",
      "dev": true
    },
    "@types/ffi": {
      "version": "0.2.0",
      "resolved": "https://registry.npmjs.org/@types/ffi/-/ffi-0.2.0.tgz",
      "integrity": "sha512-2Evq4ICthly8PBflG2cSgOuezhnFF1akBC3OcYXp+Etai4z6VJmPO/k64wB5BOgOJLjzOb1n7YnskcaNRBSj5g==",
      "dev": true,
      "requires": {
        "@types/node": "*",
        "@types/ref": "*",
        "@types/ref-struct": "*"
      }
    },
    "@types/intro.js": {
      "version": "2.4.3",
      "resolved": "https://registry.npmjs.org/@types/intro.js/-/intro.js-2.4.3.tgz",
      "integrity": "sha512-PLjhcHEPDzpfNRMX0JlpCatAnck30UH7Q4q8yaCglS6t62vHGLpQlXCuLak2jew6BEVPOxqn24g+qABxDi1mLQ==",
      "dev": true
    },
    "@types/mocha": {
      "version": "5.2.5",
      "resolved": "https://registry.npmjs.org/@types/mocha/-/mocha-5.2.5.tgz",
      "integrity": "sha512-lAVp+Kj54ui/vLUFxsJTMtWvZraZxum3w3Nwkble2dNuV5VnPA+Mi2oGX9XYJAaIvZi3tn3cbjS/qcJXRb6Bww==",
      "dev": true
    },
    "@types/node": {
      "version": "10.9.3",
      "resolved": "https://registry.npmjs.org/@types/node/-/node-10.9.3.tgz",
      "integrity": "sha512-DOzWZKUnmFYG0KUOs+9HEBju2QhBU6oM2zeluunQNt0vnJvnkHvtDNlQPZDkTrkC5pZrNx1TPqeL137zciXZMQ==",
      "dev": true
    },
    "@types/ref": {
      "version": "0.0.28",
      "resolved": "https://registry.npmjs.org/@types/ref/-/ref-0.0.28.tgz",
      "integrity": "sha1-FaYSU+0SWQOLR0md4cmwy8pX9Vw=",
      "dev": true,
      "requires": {
        "@types/node": "*"
      }
    },
    "@types/ref-struct": {
      "version": "0.0.29",
      "resolved": "https://registry.npmjs.org/@types/ref-struct/-/ref-struct-0.0.29.tgz",
      "integrity": "sha512-ZOiybExNDG++Rjw7qNAlP8Z9TGe4W1S7UvqHbCYzFMc2cVBhTuA29tzAkOrk3bqY0CdzbOvmU7A5X2VOjTpCkw==",
      "dev": true,
      "requires": {
        "@types/ref": "*"
      }
    },
    "@types/temp": {
      "version": "0.8.32",
      "resolved": "https://registry.npmjs.org/@types/temp/-/temp-0.8.32.tgz",
      "integrity": "sha512-gyIhOlWPqI8vtYTlRb61HKV7x+3wjpJIQi8mTaweVtEMvhIV6Xajo8FVcNJWeJOBuedRCzK2Uy+uhj/rJmR9oQ==",
      "dev": true,
      "requires": {
        "@types/node": "*"
      }
    },
    "@types/webdriverio": {
      "version": "4.10.3",
      "resolved": "https://registry.npmjs.org/@types/webdriverio/-/webdriverio-4.10.3.tgz",
      "integrity": "sha512-YjPQfSodE6iY/ACU0/kUk6Ca2tqK7zBF/h8rypqA9+gz3a2gmSL7zyntOkum0HhdYwCmlppUGgsXK+roYa9MoA==",
      "dev": true,
      "requires": {
        "@types/node": "*"
      }
    },
    "about-window": {
      "version": "1.8.0",
      "resolved": "https://registry.npmjs.org/about-window/-/about-window-1.8.0.tgz",
      "integrity": "sha1-Phg8+u9DQuH+psRC9OQ/aC6dpYA="
    },
    "angular": {
      "version": "1.6.6",
      "resolved": "https://registry.npmjs.org/angular/-/angular-1.6.6.tgz",
      "integrity": "sha1-/Vo8+0N844LYVO4BEgeXl4Uny2Q="
    },
    "angular-input-highlight": {
      "version": "0.1.2",
      "resolved": "https://registry.npmjs.org/angular-input-highlight/-/angular-input-highlight-0.1.2.tgz",
      "integrity": "sha1-FWxoPv6Oya0nqjbVYDFRdR7nFTA=",
      "requires": {
        "angular": "^1.2.28"
      }
    },
    "async": {
      "version": "2.5.0",
      "resolved": "https://registry.npmjs.org/async/-/async-2.5.0.tgz",
      "integrity": "sha512-e+lJAJeNWuPCNyxZKOBdaJGyLGHugXVQtrAwtuAe2vhxTYxFTKE73p8JuTmdH0qdQZtDvI4dhJwjZc5zsfIsYw==",
      "requires": {
        "lodash": "^4.14.0"
      }
    },
    "audio-buffer-stream": {
      "version": "1.0.0",
      "resolved": "https://registry.npmjs.org/audio-buffer-stream/-/audio-buffer-stream-1.0.0.tgz",
      "integrity": "sha1-gTL7/F9jbyVH3WlKa/4aK+4NEX4=",
      "requires": {
        "xtend": "^4.0.0"
      }
    },
    "balanced-match": {
      "version": "1.0.0",
      "resolved": "https://registry.npmjs.org/balanced-match/-/balanced-match-1.0.0.tgz",
      "integrity": "sha1-ibTRmasr7kneFk6gK4nORi1xt2c="
    },
    "bindings": {
      "version": "1.2.1",
      "resolved": "https://registry.npmjs.org/bindings/-/bindings-1.2.1.tgz",
      "integrity": "sha1-FK1hE4EtLTfXLme0ystLtyZQXxE="
    },
    "brace-expansion": {
      "version": "1.1.8",
      "resolved": "https://registry.npmjs.org/brace-expansion/-/brace-expansion-1.1.8.tgz",
      "integrity": "sha1-wHshHHyVLsH479Uad+8NHTmQopI=",
      "requires": {
        "balanced-match": "^1.0.0",
        "concat-map": "0.0.1"
      }
    },
    "concat-map": {
      "version": "0.0.1",
      "resolved": "https://registry.npmjs.org/concat-map/-/concat-map-0.0.1.tgz",
      "integrity": "sha1-2Klr13/Wjfd5OnMDajug1UBdR3s="
    },
    "conf": {
      "version": "0.11.2",
      "resolved": "https://registry.npmjs.org/conf/-/conf-0.11.2.tgz",
      "integrity": "sha1-h59HkmdgBIPlAlg0YspAY/yXebI=",
      "requires": {
        "dot-prop": "^3.0.0",
        "env-paths": "^0.3.0",
        "mkdirp": "^0.5.1",
        "pkg-up": "^1.0.0"
      }
    },
    "core-util-is": {
      "version": "1.0.2",
      "resolved": "https://registry.npmjs.org/core-util-is/-/core-util-is-1.0.2.tgz",
      "integrity": "sha1-tf1UIgqivFq1eqtxQMlAdUUDwac="
    },
    "cryptico.js": {
      "version": "1.2.0",
      "resolved": "https://registry.npmjs.org/cryptico.js/-/cryptico.js-1.2.0.tgz",
      "integrity": "sha1-kLs9D94flA/Yd6l2YsN8KXSSPBU="
    },
    "debug": {
      "version": "2.4.4",
      "resolved": "https://registry.npmjs.org/debug/-/debug-2.4.4.tgz",
      "integrity": "sha1-wE0XplTpICRkgD8JYVP3Cm8x9L4=",
      "requires": {
        "ms": "0.7.2"
      }
    },
    "dot-prop": {
      "version": "3.0.0",
      "resolved": "https://registry.npmjs.org/dot-prop/-/dot-prop-3.0.0.tgz",
      "integrity": "sha1-G3CK8JSknJoOfbyteQq6U52sEXc=",
      "requires": {
        "is-obj": "^1.0.0"
      }
    },
    "electron-config": {
      "version": "0.2.1",
      "resolved": "https://registry.npmjs.org/electron-config/-/electron-config-0.2.1.tgz",
      "integrity": "sha1-fhLCZBLQa/PtOJbQR53xYphrlbo=",
      "requires": {
        "conf": "^0.11.1"
      }
    },
    "electron-is-accelerator": {
      "version": "0.1.2",
      "resolved": "https://registry.npmjs.org/electron-is-accelerator/-/electron-is-accelerator-0.1.2.tgz",
      "integrity": "sha1-UJ5RDCala1Xhf4Y6SwThEYRqsns="
    },
    "electron-json-storage": {
      "version": "2.1.1",
      "resolved": "https://registry.npmjs.org/electron-json-storage/-/electron-json-storage-2.1.1.tgz",
      "integrity": "sha1-OKqiTZWj+9KCVpjP0nxXzSp02G4=",
      "requires": {
        "async": "^2.0.0",
        "exists-file": "^2.1.0",
        "lodash": "^4.0.1",
        "mkdirp": "^0.5.1",
        "rimraf": "^2.5.1"
      }
    },
    "electron-localshortcut": {
      "version": "1.1.1",
      "resolved": "https://registry.npmjs.org/electron-localshortcut/-/electron-localshortcut-1.1.1.tgz",
      "integrity": "sha1-K3+61KJ50WeAESVLxNNXjxleANQ=",
      "requires": {
        "electron-is-accelerator": "^0.1.0"
      }
    },
    "electron-log": {
      "version": "1.3.0",
      "resolved": "https://registry.npmjs.org/electron-log/-/electron-log-1.3.0.tgz",
      "integrity": "sha1-0FVEEUuXGhbIZznHnQ0jYQOtChY="
    },
    "env-paths": {
      "version": "0.3.1",
      "resolved": "https://registry.npmjs.org/env-paths/-/env-paths-0.3.1.tgz",
      "integrity": "sha1-wwzPy8MMiQlD3AioVYJRfvANpGM="
    },
    "exists-file": {
      "version": "2.1.0",
      "resolved": "https://registry.npmjs.org/exists-file/-/exists-file-2.1.0.tgz",
      "integrity": "sha1-Zuo5t4VanYrS/0hdl08EqTu4iPg="
    },
    "ffi": {
      "version": "2.2.0",
      "resolved": "https://registry.npmjs.org/ffi/-/ffi-2.2.0.tgz",
      "integrity": "sha1-vxiwRmain3EiftVoldVDCvRwQvo=",
      "requires": {
        "bindings": "~1.2.0",
        "debug": "2",
        "nan": "2",
        "ref": "1",
        "ref-struct": "1"
      }
    },
    "find-up": {
      "version": "1.1.2",
      "resolved": "https://registry.npmjs.org/find-up/-/find-up-1.1.2.tgz",
      "integrity": "sha1-ay6YIrGizgpgq2TWEOzK1TyyTQ8=",
      "requires": {
        "path-exists": "^2.0.0",
        "pinkie-promise": "^2.0.0"
      }
    },
    "fs.realpath": {
      "version": "1.0.0",
      "resolved": "https://registry.npmjs.org/fs.realpath/-/fs.realpath-1.0.0.tgz",
      "integrity": "sha1-FQStJSMVjKpA20onh8sBQRmU6k8="
    },
    "glob": {
      "version": "7.1.2",
      "resolved": "https://registry.npmjs.org/glob/-/glob-7.1.2.tgz",
      "integrity": "sha512-MJTUg1kjuLeQCJ+ccE4Vpa6kKVXkPYJ2mOCQyUuKLcLQsdrMCpBPUi8qVE6+YuaJkozeA9NusTAw3hLr8Xe5EQ==",
      "requires": {
        "fs.realpath": "^1.0.0",
        "inflight": "^1.0.4",
        "inherits": "2",
        "minimatch": "^3.0.4",
        "once": "^1.3.0",
        "path-is-absolute": "^1.0.0"
      }
    },
    "inflight": {
      "version": "1.0.6",
      "resolved": "https://registry.npmjs.org/inflight/-/inflight-1.0.6.tgz",
      "integrity": "sha1-Sb1jMdfQLQwJvJEKEHW6gWW1bfk=",
      "requires": {
        "once": "^1.3.0",
        "wrappy": "1"
      }
    },
    "inherits": {
      "version": "2.0.3",
      "resolved": "https://registry.npmjs.org/inherits/-/inherits-2.0.3.tgz",
      "integrity": "sha1-Yzwsg+PaQqUC9SRmAiSA9CCCYd4="
    },
    "intro.js": {
      "version": "2.7.0",
      "resolved": "https://registry.npmjs.org/intro.js/-/intro.js-2.7.0.tgz",
      "integrity": "sha1-LtyjftaoqSi5amXa/ySMhDK6cbU="
    },
    "is-obj": {
      "version": "1.0.1",
      "resolved": "https://registry.npmjs.org/is-obj/-/is-obj-1.0.1.tgz",
      "integrity": "sha1-PkcprB9f3gJc19g6iW2rn09n2w8="
    },
    "isarray": {
      "version": "0.0.1",
      "resolved": "https://registry.npmjs.org/isarray/-/isarray-0.0.1.tgz",
      "integrity": "sha1-ihis/Kmo9Bd+Cav8YDiTmwXR7t8="
    },
    "lodash": {
      "version": "4.17.4",
      "resolved": "https://registry.npmjs.org/lodash/-/lodash-4.17.4.tgz",
      "integrity": "sha1-eCA6TRwyiuHYbcpkYONptX9AVa4="
    },
    "minimatch": {
      "version": "3.0.4",
      "resolved": "https://registry.npmjs.org/minimatch/-/minimatch-3.0.4.tgz",
      "integrity": "sha512-yJHVQEhyqPLUTgt9B83PXu6W3rx4MvvHvSUvToogpwoGDOUQ+yDrR0HRot+yOCdCO7u4hX3pWft6kWBBcqh0UA==",
      "requires": {
        "brace-expansion": "^1.1.7"
      }
    },
    "minimist": {
      "version": "0.0.8",
      "resolved": "https://registry.npmjs.org/minimist/-/minimist-0.0.8.tgz",
      "integrity": "sha1-hX/Kv8M5fSYluCKCYuhqp6ARsF0="
    },
    "mkdirp": {
      "version": "0.5.1",
      "resolved": "https://registry.npmjs.org/mkdirp/-/mkdirp-0.5.1.tgz",
      "integrity": "sha1-MAV0OOrGz3+MR2fzhkjWaX11yQM=",
      "requires": {
        "minimist": "0.0.8"
      }
    },
    "ms": {
      "version": "0.7.2",
      "resolved": "https://registry.npmjs.org/ms/-/ms-0.7.2.tgz",
      "integrity": "sha1-riXPJRKziFodldfwN4aNhDESR2U="
    },
    "nan": {
      "version": "2.4.0",
      "resolved": "https://registry.npmjs.org/nan/-/nan-2.4.0.tgz",
      "integrity": "sha1-+zxZ1F/k7/4hXwuJD4rfbrMtIjI="
    },
    "once": {
      "version": "1.4.0",
      "resolved": "https://registry.npmjs.org/once/-/once-1.4.0.tgz",
      "integrity": "sha1-WDsap3WWHUsROsF9nFC6753Xa9E=",
      "requires": {
        "wrappy": "1"
      }
    },
    "os-tmpdir": {
      "version": "1.0.2",
      "resolved": "https://registry.npmjs.org/os-tmpdir/-/os-tmpdir-1.0.2.tgz",
      "integrity": "sha1-u+Z0BseaqFxc/sdm/lc0VV36EnQ="
    },
    "path-exists": {
      "version": "2.1.0",
      "resolved": "https://registry.npmjs.org/path-exists/-/path-exists-2.1.0.tgz",
      "integrity": "sha1-D+tsZPD8UY2adU3V77YscCJ2H0s=",
      "requires": {
        "pinkie-promise": "^2.0.0"
      }
    },
    "path-is-absolute": {
      "version": "1.0.1",
      "resolved": "https://registry.npmjs.org/path-is-absolute/-/path-is-absolute-1.0.1.tgz",
      "integrity": "sha1-F0uSaHNVNP+8es5r9TpanhtcX18="
    },
    "photon": {
      "version": "git+https://github.com/connors/photon.git#ba7b496f5d69ff486cdcf446bbfce3838bd6a4d0",
      "from": "git+https://github.com/connors/photon.git"
    },
    "pinkie": {
      "version": "2.0.4",
      "resolved": "https://registry.npmjs.org/pinkie/-/pinkie-2.0.4.tgz",
      "integrity": "sha1-clVrgM+g1IqXToDnckjoDtT3+HA="
    },
    "pinkie-promise": {
      "version": "2.0.1",
      "resolved": "https://registry.npmjs.org/pinkie-promise/-/pinkie-promise-2.0.1.tgz",
      "integrity": "sha1-ITXW36ejWMBprJsXh3YogihFD/o=",
      "requires": {
        "pinkie": "^2.0.0"
      }
    },
    "pkg-up": {
      "version": "1.0.0",
      "resolved": "https://registry.npmjs.org/pkg-up/-/pkg-up-1.0.0.tgz",
      "integrity": "sha1-Pgj7RhUlxEIWJKM7n35tCvWwWiY=",
      "requires": {
        "find-up": "^1.0.0"
      }
    },
    "readable-stream": {
      "version": "1.1.14",
      "resolved": "https://registry.npmjs.org/readable-stream/-/readable-stream-1.1.14.tgz",
      "integrity": "sha1-fPTFTvZI44EwhMY23SB54WbAgdk=",
      "requires": {
        "core-util-is": "~1.0.0",
        "inherits": "~2.0.1",
        "isarray": "0.0.1",
        "string_decoder": "~0.10.x"
      }
    },
    "ref": {
      "version": "1.3.5",
      "resolved": "https://registry.npmjs.org/ref/-/ref-1.3.5.tgz",
      "integrity": "sha512-2cBCniTtxcGUjDpvFfVpw323a83/0RLSGJJY5l5lcomZWhYpU2cuLdsvYqMixvsdLJ9+sTdzEkju8J8ZHDM2nA==",
      "requires": {
        "bindings": "1",
        "debug": "2",
        "nan": "2"
      }
    },
    "ref-struct": {
      "version": "1.1.0",
      "resolved": "https://registry.npmjs.org/ref-struct/-/ref-struct-1.1.0.tgz",
      "integrity": "sha1-XV7mWtQc78Olxf60BYcmHkee3BM=",
      "requires": {
        "debug": "2",
        "ref": "1"
      }
    },
    "rimraf": {
      "version": "2.6.2",
      "resolved": "https://registry.npmjs.org/rimraf/-/rimraf-2.6.2.tgz",
      "integrity": "sha512-lreewLK/BlghmxtfH36YYVg1i8IAce4TI7oao75I1g245+6BctqTVQiBP3YUJ9C6DQOXJmkYR9X9fCLtCOJc5w==",
      "requires": {
        "glob": "^7.0.5"
      }
    },
    "stream-parser": {
      "version": "0.1.2",
      "resolved": "https://registry.npmjs.org/stream-parser/-/stream-parser-0.1.2.tgz",
      "integrity": "sha1-xmXoqvQ9E/R3v7ByKTlYS58CPnI=",
      "requires": {
        "debug": "~1.0.0"
      },
      "dependencies": {
        "debug": {
          "version": "1.0.5",
          "resolved": "https://registry.npmjs.org/debug/-/debug-1.0.5.tgz",
          "integrity": "sha1-9yQSF0MPmd7EwrRz6rkiKOh0wqw=",
          "requires": {
            "ms": "2.0.0"
          }
        },
        "ms": {
          "version": "2.0.0",
          "resolved": "https://registry.npmjs.org/ms/-/ms-2.0.0.tgz",
          "integrity": "sha1-VgiurfwAvmwpAd9fmGF4jeDVl8g="
        }
      }
    },
    "string_decoder": {
      "version": "0.10.31",
      "resolved": "https://registry.npmjs.org/string_decoder/-/string_decoder-0.10.31.tgz",
      "integrity": "sha1-YuIDvEF2bGwoyfyEMB2rHFMQ+pQ="
    },
    "temp": {
      "version": "0.8.3",
      "resolved": "https://registry.npmjs.org/temp/-/temp-0.8.3.tgz",
      "integrity": "sha1-4Ma8TSa5AxJEEOT+2BEDAU38H1k=",
      "requires": {
        "os-tmpdir": "^1.0.0",
        "rimraf": "~2.2.6"
      },
      "dependencies": {
        "rimraf": {
          "version": "2.2.8",
          "resolved": "https://registry.npmjs.org/rimraf/-/rimraf-2.2.8.tgz",
          "integrity": "sha1-5Dm+Kq7jJzIZUnMPmaiSnk/FBYI="
        }
      }
    },
    "tunajs": {
      "version": "1.0.0",
      "resolved": "https://registry.npmjs.org/tunajs/-/tunajs-1.0.0.tgz",
      "integrity": "sha1-SI8AoPvpWkwuMKqpEEdr29Xyclg="
    },
    "wav": {
      "version": "0.1.2",
      "resolved": "https://registry.npmjs.org/wav/-/wav-0.1.2.tgz",
      "integrity": "sha1-M7+089noS+mf2AkeNWZXSZ0juHE=",
      "requires": {
        "debug": "*",
        "readable-stream": "~1.1.10",
        "stream-parser": "~0.1.0"
      }
    },
    "wave-recorder": {
      "version": "2.3.0",
      "resolved": "https://registry.npmjs.org/wave-recorder/-/wave-recorder-2.3.0.tgz",
      "integrity": "sha1-LfbRzdbqhjUQDZLWaEYm4vg9TL0=",
      "requires": {
        "audio-buffer-stream": "~1.0.0",
        "wav": "~0.1.2",
        "xtend": "^4.0.0"
      }
    },
    "wrappy": {
      "version": "1.0.2",
      "resolved": "https://registry.npmjs.org/wrappy/-/wrappy-1.0.2.tgz",
      "integrity": "sha1-tSQ9jz7BqjXxNkYFvA0QNuMKtp8="
    },
    "xtend": {
      "version": "4.0.1",
      "resolved": "https://registry.npmjs.org/xtend/-/xtend-4.0.1.tgz",
      "integrity": "sha1-pcbVMr5lbiPbgg77lDofBJmNY68="
    }
  }
}
